
Microsoft Visual Studio Solution File, Format Version 12.00
# Visual Studio Version 16
VisualStudioVersion = 16.0.31624.102
MinimumVisualStudioVersion = 10.0.40219.1
Project("{FAE04EC0-301F-11D3-BF4B-00C04F79EFBC}") = "BookStore1", "BookStore1\BookStore1.csproj", "{62443B82-50A3-4181-917E-94806B20A45D}"
EndProject
Global
	GlobalSection(SolutionConfigurationPlatforms) = preSolution
		Debug|Any CPU = Debug|Any CPU
		Release|Any CPU = Release|Any CPU
	EndGlobalSection
	GlobalSection(ProjectConfigurationPlatforms) = postSolution
		{62443B82-50A3-4181-917E-94806B20A45D}.Debug|Any CPU.ActiveCfg = Debug|Any CPU
		{62443B82-50A3-4181-917E-94806B20A45D}.Debug|Any CPU.Build.0 = Debug|Any CPU
		{62443B82-50A3-4181-917E-94806B20A45D}.Release|Any CPU.ActiveCfg = Release|Any CPU
		{62443B82-50A3-4181-917E-94806B20A45D}.Release|Any CPU.Build.0 = Release|Any CPU
	EndGlobalSection
	GlobalSection(SolutionProperties) = preSolution
		HideSolutionNode = FALSE
	EndGlobalSection
	GlobalSection(ExtensibilityGlobals) = postSolution
		SolutionGuid = {9677A42B-BD67-48FE-B2AE-0DE6264FC9D7}
	EndGlobalSection
EndGlobal
